# Auto-generated by repro-build.sh at 2026-01-01T09:42:26Z

BASE_IMAGE="sagemath/sagemath@sha256:e2e4747b0e1ea8753a9cb5a399314a8b2c25fcefaf69ba85b22ee075829d09ea"
UV_VERSION="0.9.21"
MICROMAMBA_VERSION="2.4.0-1"
RUST_TOOLCHAIN="1.92.0"

NODE_VERSION="24.12.0"
NODE_SHA256_LINUX_X64="bdebee276e58d0ef5448f3d5ac12c67daa963dd5e0a9bb621a53d1cefbc852fd"
NODE_SHA256_LINUX_ARM64="a06d42807fb500f7459e5f3fa6cb431447352826ee6f07e14adfeec58a1b3210"

BUN_VERSION="1.3.5"
BUN_SHA256_LINUX_X64="7051d86a924aefea3e0b96213b5fd8f79c0793f9cae6534233e627e5c3db4669"
BUN_SHA256_LINUX_ARM64="ed01000f85bd97785228ad2845dc92a1860b8054856826d7317690ac8f8ee74b"

JADX_VERSION="1.5.3"
JADX_SHA256="8280f3799c0273fe797a2bcd90258c943e451fd195f13d05400de5e6451d15ec"

SAGE_REPO="https://github.com/sagemath/sage.git"
SAGE_VERSION="10.8"
SAGE_REF="981d7d71a2738778c9e3fb4fdf67a0fd3ce0c19c"

FLATTER_REPO="https://github.com/keeganryan/flatter.git"
FLATTER_REF="d2b8026f29b4a69e987b15d4b240f8a5053275d3"

RADARE2_REPO="https://github.com/radareorg/radare2.git"
RADARE2_REF="1362812d50f5c2316567968e3e47d08ea719dab5"

GF2BV_REPO="https://github.com/maple3142/gf2bv.git"
GF2BV_REF="4801fe78d50797ec9aee6f7fff5251e4a5a08f3f"

CRYPTO_ATTACKS_REPO="https://github.com/jvdsn/crypto-attacks.git"
CRYPTO_ATTACKS_REF="708536c43fa632bb1278edd6651a30e8743e8d21"

OR_TOOLS_REPO="https://github.com/google/or-tools.git"
OR_TOOLS_REF="789b01f7c93b857ac51d8472c3352ea1ae6326ae"
